
Microsoft Visual Studio Solution File, Format Version 12.00
# Visual Studio Version 16
VisualStudioVersion = 16.0.30114.105
MinimumVisualStudioVersion = 10.0.40219.1
Project("{9092AA53-FB77-4645-B42D-1CCCA6BD08BD}") = "Mylab1", "Mylab1.njsproj", "{0B61FB5D-D24A-450A-B5B2-A130B1B79BB6}"
EndProject
Global
	GlobalSection(SolutionConfigurationPlatforms) = preSolution
		Debug|Any CPU = Debug|Any CPU
		Release|Any CPU = Release|Any CPU
	EndGlobalSection
	GlobalSection(ProjectConfigurationPlatforms) = postSolution
		{0B61FB5D-D24A-450A-B5B2-A130B1B79BB6}.Debug|Any CPU.ActiveCfg = Debug|Any CPU
		{0B61FB5D-D24A-450A-B5B2-A130B1B79BB6}.Debug|Any CPU.Build.0 = Debug|Any CPU
		{0B61FB5D-D24A-450A-B5B2-A130B1B79BB6}.Release|Any CPU.ActiveCfg = Release|Any CPU
		{0B61FB5D-D24A-450A-B5B2-A130B1B79BB6}.Release|Any CPU.Build.0 = Release|Any CPU
	EndGlobalSection
	GlobalSection(SolutionProperties) = preSolution
		HideSolutionNode = FALSE
	EndGlobalSection
	GlobalSection(ExtensibilityGlobals) = postSolution
		SolutionGuid = {89F50D2F-D798-47C1-A677-48B5B51EFB17}
	EndGlobalSection
EndGlobal
